
Microsoft Visual Studio Solution File, Format Version 12.00
# Visual Studio Version 17
VisualStudioVersion = 17.1.32210.238
MinimumVisualStudioVersion = 10.0.40219.1
Project("{FAE04EC0-301F-11D3-BF4B-00C04F79EFBC}") = "TortugaSmirnova", "TortugaSmirnova\TortugaSmirnova.csproj", "{D38E71F7-AE3C-41EE-967D-65DA901FC404}"
EndProject
Global
	GlobalSection(SolutionConfigurationPlatforms) = preSolution
		Debug|Any CPU = Debug|Any CPU
		Release|Any CPU = Release|Any CPU
	EndGlobalSection
	GlobalSection(ProjectConfigurationPlatforms) = postSolution
		{D38E71F7-AE3C-41EE-967D-65DA901FC404}.Debug|Any CPU.ActiveCfg = Debug|Any CPU
		{D38E71F7-AE3C-41EE-967D-65DA901FC404}.Debug|Any CPU.Build.0 = Debug|Any CPU
		{D38E71F7-AE3C-41EE-967D-65DA901FC404}.Release|Any CPU.ActiveCfg = Release|Any CPU
		{D38E71F7-AE3C-41EE-967D-65DA901FC404}.Release|Any CPU.Build.0 = Release|Any CPU
	EndGlobalSection
	GlobalSection(SolutionProperties) = preSolution
		HideSolutionNode = FALSE
	EndGlobalSection
	GlobalSection(ExtensibilityGlobals) = postSolution
		SolutionGuid = {96F2ACC3-8CD9-4321-8939-923BB7BFCD89}
	EndGlobalSection
EndGlobal
